// !$*UTF8*$!
{
	archiveVersion = 1;
	classes = {
	};
	objectVersion = 77;
	objects = {

/* Begin PBXBuildFile section */
		BDD002C42E364C0900E9AABC /* AUv3Host in Frameworks */ = {isa = PBXBuildFile; productRef = BDD002C32E364C0900E9AABC /* AUv3Host */; };
		BDF599B62E284D640093A134 /* AUv3DemoExtension.appex in Embed Foundation Extensions */ = {isa = PBXBuildFile; fileRef = BDF599B52E284D640093A134 /* AUv3DemoExtension.appex */; settings = {ATTRIBUTES = (RemoveHeadersOnCopy, ); }; };
		BDF599F62E284DE60093A134 /* AUv3Component in Frameworks */ = {isa = PBXBuildFile; productRef = BDF599F52E284DE60093A134 /* AUv3Component */; };
		BDF599FA2E284DE60093A134 /* AUv3Shared in Frameworks */ = {isa = PBXBuildFile; productRef = BDF599F92E284DE60093A134 /* AUv3Shared */; };
		BDF59A102E2850430093A134 /* AUv3Component in Frameworks */ = {isa = PBXBuildFile; productRef = BDF59A0F2E2850430093A134 /* AUv3Component */; };
		BDF59A122E2850430093A134 /* AUv3Shared in Frameworks */ = {isa = PBXBuildFile; productRef = BDF59A112E2850430093A134 /* AUv3Shared */; };
		BDF59A162E2852430093A134 /* AUv3Controls in Frameworks */ = {isa = PBXBuildFile; productRef = BDF59A152E2852430093A134 /* AUv3Controls */; };
		BDF59A192E2852720093A134 /* AUv3Controls in Frameworks */ = {isa = PBXBuildFile; productRef = BDF59A182E2852720093A134 /* AUv3Controls */; };
		BDF59AE62E2990DD0093A134 /* DSPHeaders in Frameworks */ = {isa = PBXBuildFile; productRef = BDF59AE52E2990DD0093A134 /* DSPHeaders */; };
/* End PBXBuildFile section */

/* Begin PBXContainerItemProxy section */
		BDF599A02E284D640093A134 /* PBXContainerItemProxy */ = {
			isa = PBXContainerItemProxy;
			containerPortal = BDF599712E284D630093A134 /* Project object */;
			proxyType = 1;
			remoteGlobalIDString = BDF599782E284D630093A134;
			remoteInfo = AUv3Demo;
		};
		BDF599AA2E284D640093A134 /* PBXContainerItemProxy */ = {
			isa = PBXContainerItemProxy;
			containerPortal = BDF599712E284D630093A134 /* Project object */;
			proxyType = 1;
			remoteGlobalIDString = BDF599782E284D630093A134;
			remoteInfo = AUv3Demo;
		};
		BDF599B72E284D640093A134 /* PBXContainerItemProxy */ = {
			isa = PBXContainerItemProxy;
			containerPortal = BDF599712E284D630093A134 /* Project object */;
			proxyType = 1;
			remoteGlobalIDString = BDF599B42E284D640093A134;
			remoteInfo = AUv3DemoExtension;
		};
/* End PBXContainerItemProxy section */

/* Begin PBXCopyFilesBuildPhase section */
		BDF599E72E284D640093A134 /* Embed Foundation Extensions */ = {
			isa = PBXCopyFilesBuildPhase;
			buildActionMask = 12;
			dstPath = "";
			dstSubfolderSpec = 13;
			files = (
				BDF599B62E284D640093A134 /* AUv3DemoExtension.appex in Embed Foundation Extensions */,
			);
			name = "Embed Foundation Extensions";
			runOnlyForDeploymentPostprocessing = 0;
		};
/* End PBXCopyFilesBuildPhase section */

/* Begin PBXFileReference section */
		BDF599792E284D630093A134 /* AUv3Demo.app */ = {isa = PBXFileReference; explicitFileType = wrapper.application; includeInIndex = 0; path = AUv3Demo.app; sourceTree = BUILT_PRODUCTS_DIR; };
		BDF5999F2E284D640093A134 /* AUv3DemoTests.xctest */ = {isa = PBXFileReference; explicitFileType = wrapper.cfbundle; includeInIndex = 0; path = AUv3DemoTests.xctest; sourceTree = BUILT_PRODUCTS_DIR; };
		BDF599A92E284D640093A134 /* AUv3DemoUITests.xctest */ = {isa = PBXFileReference; explicitFileType = wrapper.cfbundle; includeInIndex = 0; path = AUv3DemoUITests.xctest; sourceTree = BUILT_PRODUCTS_DIR; };
		BDF599B52E284D640093A134 /* AUv3DemoExtension.appex */ = {isa = PBXFileReference; explicitFileType = "wrapper.app-extension"; includeInIndex = 0; path = AUv3DemoExtension.appex; sourceTree = BUILT_PRODUCTS_DIR; };
		BDF599F12E284D8B0093A134 /* Config.xcconfig */ = {isa = PBXFileReference; lastKnownFileType = text.xcconfig; path = Config.xcconfig; sourceTree = "<group>"; };
/* End PBXFileReference section */

/* Begin PBXFileSystemSynchronizedBuildFileExceptionSet section */
		BDF599E02E284D640093A134 /* Exceptions for "AUv3DemoExtension" folder in "AUv3DemoExtension" target */ = {
			isa = PBXFileSystemSynchronizedBuildFileExceptionSet;
			membershipExceptions = (
				Info.plist,
			);
			target = BDF599B42E284D640093A134 /* AUv3DemoExtension */;
		};
		BDF59A582E2856990093A134 /* Exceptions for "AUv3Demo" folder in "AUv3Demo" target */ = {
			isa = PBXFileSystemSynchronizedBuildFileExceptionSet;
			membershipExceptions = (
				Info.plist,
			);
			target = BDF599782E284D630093A134 /* AUv3Demo */;
		};
/* End PBXFileSystemSynchronizedBuildFileExceptionSet section */

/* Begin PBXFileSystemSynchronizedRootGroup section */
		BDF5997B2E284D630093A134 /* AUv3Demo */ = {
			isa = PBXFileSystemSynchronizedRootGroup;
			exceptions = (
				BDF59A582E2856990093A134 /* Exceptions for "AUv3Demo" folder in "AUv3Demo" target */,
			);
			path = AUv3Demo;
			sourceTree = "<group>";
		};
		BDF599A22E284D640093A134 /* AUv3DemoTests */ = {
			isa = PBXFileSystemSynchronizedRootGroup;
			path = AUv3DemoTests;
			sourceTree = "<group>";
		};
		BDF599AC2E284D640093A134 /* AUv3DemoUITests */ = {
			isa = PBXFileSystemSynchronizedRootGroup;
			path = AUv3DemoUITests;
			sourceTree = "<group>";
		};
		BDF599B92E284D640093A134 /* AUv3DemoExtension */ = {
			isa = PBXFileSystemSynchronizedRootGroup;
			exceptions = (
				BDF599E02E284D640093A134 /* Exceptions for "AUv3DemoExtension" folder in "AUv3DemoExtension" target */,
			);
			path = AUv3DemoExtension;
			sourceTree = "<group>";
		};
/* End PBXFileSystemSynchronizedRootGroup section */

/* Begin PBXFrameworksBuildPhase section */
		BDF599762E284D630093A134 /* Frameworks */ = {
			isa = PBXFrameworksBuildPhase;
			buildActionMask = 2147483647;
			files = (
				BDF599F62E284DE60093A134 /* AUv3Component in Frameworks */,
				BDD002C42E364C0900E9AABC /* AUv3Host in Frameworks */,
				BDF599FA2E284DE60093A134 /* AUv3Shared in Frameworks */,
			);
			runOnlyForDeploymentPostprocessing = 0;
		};
		BDF5999C2E284D640093A134 /* Frameworks */ = {
			isa = PBXFrameworksBuildPhase;
			buildActionMask = 2147483647;
			files = (
			);
			runOnlyForDeploymentPostprocessing = 0;
		};
		BDF599A62E284D640093A134 /* Frameworks */ = {
			isa = PBXFrameworksBuildPhase;
			buildActionMask = 2147483647;
			files = (
			);
			runOnlyForDeploymentPostprocessing = 0;
		};
		BDF599B22E284D640093A134 /* Frameworks */ = {
			isa = PBXFrameworksBuildPhase;
			buildActionMask = 2147483647;
			files = (
				BDF59A102E2850430093A134 /* AUv3Component in Frameworks */,
				BDF59A122E2850430093A134 /* AUv3Shared in Frameworks */,
				BDF59A162E2852430093A134 /* AUv3Controls in Frameworks */,
				BDF59AE62E2990DD0093A134 /* DSPHeaders in Frameworks */,
				BDF59A192E2852720093A134 /* AUv3Controls in Frameworks */,
			);
			runOnlyForDeploymentPostprocessing = 0;
		};
/* End PBXFrameworksBuildPhase section */

/* Begin PBXGroup section */
		BDF599702E284D630093A134 = {
			isa = PBXGroup;
			children = (
				BDF599F12E284D8B0093A134 /* Config.xcconfig */,
				BDF5997B2E284D630093A134 /* AUv3Demo */,
				BDF599A22E284D640093A134 /* AUv3DemoTests */,
				BDF599AC2E284D640093A134 /* AUv3DemoUITests */,
				BDF599B92E284D640093A134 /* AUv3DemoExtension */,
				BDF599F42E284DE60093A134 /* Frameworks */,
				BDF5997A2E284D630093A134 /* Products */,
			);
			sourceTree = "<group>";
		};
		BDF5997A2E284D630093A134 /* Products */ = {
			isa = PBXGroup;
			children = (
				BDF599792E284D630093A134 /* AUv3Demo.app */,
				BDF5999F2E284D640093A134 /* AUv3DemoTests.xctest */,
				BDF599A92E284D640093A134 /* AUv3DemoUITests.xctest */,
				BDF599B52E284D640093A134 /* AUv3DemoExtension.appex */,
			);
			name = Products;
			sourceTree = "<group>";
		};
		BDF599F42E284DE60093A134 /* Frameworks */ = {
			isa = PBXGroup;
			children = (
			);
			name = Frameworks;
			sourceTree = "<group>";
		};
/* End PBXGroup section */

/* Begin PBXNativeTarget section */
		BDF599782E284D630093A134 /* AUv3Demo */ = {
			isa = PBXNativeTarget;
			buildConfigurationList = BDF599E82E284D640093A134 /* Build configuration list for PBXNativeTarget "AUv3Demo" */;
			buildPhases = (
				BDF599752E284D630093A134 /* Sources */,
				BDF599762E284D630093A134 /* Frameworks */,
				BDF599772E284D630093A134 /* Resources */,
				BDF599E72E284D640093A134 /* Embed Foundation Extensions */,
			);
			buildRules = (
			);
			dependencies = (
				BDF599B82E284D640093A134 /* PBXTargetDependency */,
			);
			fileSystemSynchronizedGroups = (
				BDF5997B2E284D630093A134 /* AUv3Demo */,
			);
			name = AUv3Demo;
			packageProductDependencies = (
				BDF599F52E284DE60093A134 /* AUv3Component */,
				BDF599F92E284DE60093A134 /* AUv3Shared */,
				BDD002C32E364C0900E9AABC /* AUv3Host */,
			);
			productName = AUv3Demo;
			productReference = BDF599792E284D630093A134 /* AUv3Demo.app */;
			productType = "com.apple.product-type.application";
		};
		BDF5999E2E284D640093A134 /* AUv3DemoTests */ = {
			isa = PBXNativeTarget;
			buildConfigurationList = BDF599EB2E284D640093A134 /* Build configuration list for PBXNativeTarget "AUv3DemoTests" */;
			buildPhases = (
				BDF5999B2E284D640093A134 /* Sources */,
				BDF5999C2E284D640093A134 /* Frameworks */,
				BDF5999D2E284D640093A134 /* Resources */,
			);
			buildRules = (
			);
			dependencies = (
				BDF599A12E284D640093A134 /* PBXTargetDependency */,
			);
			fileSystemSynchronizedGroups = (
				BDF599A22E284D640093A134 /* AUv3DemoTests */,
			);
			name = AUv3DemoTests;
			packageProductDependencies = (
			);
			productName = AUv3DemoTests;
			productReference = BDF5999F2E284D640093A134 /* AUv3DemoTests.xctest */;
			productType = "com.apple.product-type.bundle.unit-test";
		};
		BDF599A82E284D640093A134 /* AUv3DemoUITests */ = {
			isa = PBXNativeTarget;
			buildConfigurationList = BDF599EE2E284D640093A134 /* Build configuration list for PBXNativeTarget "AUv3DemoUITests" */;
			buildPhases = (
				BDF599A52E284D640093A134 /* Sources */,
				BDF599A62E284D640093A134 /* Frameworks */,
				BDF599A72E284D640093A134 /* Resources */,
			);
			buildRules = (
			);
			dependencies = (
				BDF599AB2E284D640093A134 /* PBXTargetDependency */,
			);
			fileSystemSynchronizedGroups = (
				BDF599AC2E284D640093A134 /* AUv3DemoUITests */,
			);
			name = AUv3DemoUITests;
			packageProductDependencies = (
			);
			productName = AUv3DemoUITests;
			productReference = BDF599A92E284D640093A134 /* AUv3DemoUITests.xctest */;
			productType = "com.apple.product-type.bundle.ui-testing";
		};
		BDF599B42E284D640093A134 /* AUv3DemoExtension */ = {
			isa = PBXNativeTarget;
			buildConfigurationList = BDF599E12E284D640093A134 /* Build configuration list for PBXNativeTarget "AUv3DemoExtension" */;
			buildPhases = (
				BDF599B12E284D640093A134 /* Sources */,
				BDF599B22E284D640093A134 /* Frameworks */,
				BDF599B32E284D640093A134 /* Resources */,
			);
			buildRules = (
			);
			dependencies = (
			);
			fileSystemSynchronizedGroups = (
				BDF599B92E284D640093A134 /* AUv3DemoExtension */,
			);
			name = AUv3DemoExtension;
			packageProductDependencies = (
				BDF59A0F2E2850430093A134 /* AUv3Component */,
				BDF59A112E2850430093A134 /* AUv3Shared */,
				BDF59A152E2852430093A134 /* AUv3Controls */,
				BDF59A182E2852720093A134 /* AUv3Controls */,
				BDF59AE52E2990DD0093A134 /* DSPHeaders */,
			);
			productName = AUv3DemoExtension;
			productReference = BDF599B52E284D640093A134 /* AUv3DemoExtension.appex */;
			productType = "com.apple.product-type.app-extension";
		};
/* End PBXNativeTarget section */

/* Begin PBXProject section */
		BDF599712E284D630093A134 /* Project object */ = {
			isa = PBXProject;
			attributes = {
				BuildIndependentTargetsInParallel = 1;
				LastSwiftUpdateCheck = 1640;
				LastUpgradeCheck = 2610;
				TargetAttributes = {
					BDF599782E284D630093A134 = {
						CreatedOnToolsVersion = 16.4;
					};
					BDF5999E2E284D640093A134 = {
						CreatedOnToolsVersion = 16.4;
						TestTargetID = BDF599782E284D630093A134;
					};
					BDF599A82E284D640093A134 = {
						CreatedOnToolsVersion = 16.4;
						TestTargetID = BDF599782E284D630093A134;
					};
					BDF599B42E284D640093A134 = {
						CreatedOnToolsVersion = 16.4;
					};
				};
			};
			buildConfigurationList = BDF599742E284D630093A134 /* Build configuration list for PBXProject "AUv3Demo" */;
			developmentRegion = en;
			hasScannedForEncodings = 0;
			knownRegions = (
				en,
				Base,
			);
			mainGroup = BDF599702E284D630093A134;
			minimizedProjectReferenceProxies = 1;
			packageReferences = (
				BDF599F32E284DD30093A134 /* XCLocalSwiftPackageReference "../../auv3-support" */,
				BDF59A172E2852720093A134 /* XCRemoteSwiftPackageReference "AUv3Controls" */,
			);
			preferredProjectObjectVersion = 77;
			productRefGroup = BDF5997A2E284D630093A134 /* Products */;
			projectDirPath = "";
			projectRoot = "";
			targets = (
				BDF599782E284D630093A134 /* AUv3Demo */,
				BDF5999E2E284D640093A134 /* AUv3DemoTests */,
				BDF599A82E284D640093A134 /* AUv3DemoUITests */,
				BDF599B42E284D640093A134 /* AUv3DemoExtension */,
			);
		};
/* End PBXProject section */

/* Begin PBXResourcesBuildPhase section */
		BDF599772E284D630093A134 /* Resources */ = {
			isa = PBXResourcesBuildPhase;
			buildActionMask = 2147483647;
			files = (
			);
			runOnlyForDeploymentPostprocessing = 0;
		};
		BDF5999D2E284D640093A134 /* Resources */ = {
			isa = PBXResourcesBuildPhase;
			buildActionMask = 2147483647;
			files = (
			);
			runOnlyForDeploymentPostprocessing = 0;
		};
		BDF599A72E284D640093A134 /* Resources */ = {
			isa = PBXResourcesBuildPhase;
			buildActionMask = 2147483647;
			files = (
			);
			runOnlyForDeploymentPostprocessing = 0;
		};
		BDF599B32E284D640093A134 /* Resources */ = {
			isa = PBXResourcesBuildPhase;
			buildActionMask = 2147483647;
			files = (
			);
			runOnlyForDeploymentPostprocessing = 0;
		};
/* End PBXResourcesBuildPhase section */

/* Begin PBXSourcesBuildPhase section */
		BDF599752E284D630093A134 /* Sources */ = {
			isa = PBXSourcesBuildPhase;
			buildActionMask = 2147483647;
			files = (
			);
			runOnlyForDeploymentPostprocessing = 0;
		};
		BDF5999B2E284D640093A134 /* Sources */ = {
			isa = PBXSourcesBuildPhase;
			buildActionMask = 2147483647;
			files = (
			);
			runOnlyForDeploymentPostprocessing = 0;
		};
		BDF599A52E284D640093A134 /* Sources */ = {
			isa = PBXSourcesBuildPhase;
			buildActionMask = 2147483647;
			files = (
			);
			runOnlyForDeploymentPostprocessing = 0;
		};
		BDF599B12E284D640093A134 /* Sources */ = {
			isa = PBXSourcesBuildPhase;
			buildActionMask = 2147483647;
			files = (
			);
			runOnlyForDeploymentPostprocessing = 0;
		};
/* End PBXSourcesBuildPhase section */

/* Begin PBXTargetDependency section */
		BDF599A12E284D640093A134 /* PBXTargetDependency */ = {
			isa = PBXTargetDependency;
			target = BDF599782E284D630093A134 /* AUv3Demo */;
			targetProxy = BDF599A02E284D640093A134 /* PBXContainerItemProxy */;
		};
		BDF599AB2E284D640093A134 /* PBXTargetDependency */ = {
			isa = PBXTargetDependency;
			target = BDF599782E284D630093A134 /* AUv3Demo */;
			targetProxy = BDF599AA2E284D640093A134 /* PBXContainerItemProxy */;
		};
		BDF599B82E284D640093A134 /* PBXTargetDependency */ = {
			isa = PBXTargetDependency;
			target = BDF599B42E284D640093A134 /* AUv3DemoExtension */;
			targetProxy = BDF599B72E284D640093A134 /* PBXContainerItemProxy */;
		};
/* End PBXTargetDependency section */

/* Begin XCBuildConfiguration section */
		BDF599E22E284D640093A134 /* Debug */ = {
			isa = XCBuildConfiguration;
			buildSettings = {
				CLANG_CXX_LIBRARY = "libc++";
				CODE_SIGN_STYLE = Automatic;
				CURRENT_PROJECT_VERSION = "$(BUILD_VERSION)";
				DEAD_CODE_STRIPPING = YES;
				DEVELOPMENT_TEAM = UP6SS5ES7E;
				ENABLE_APP_SANDBOX = YES;
				ENABLE_HARDENED_RUNTIME = YES;
				ENABLE_INCOMING_NETWORK_CONNECTIONS = NO;
				ENABLE_OUTGOING_NETWORK_CONNECTIONS = NO;
				ENABLE_RESOURCE_ACCESS_AUDIO_INPUT = NO;
				ENABLE_RESOURCE_ACCESS_BLUETOOTH = NO;
				ENABLE_RESOURCE_ACCESS_CALENDARS = NO;
				ENABLE_RESOURCE_ACCESS_CAMERA = NO;
				ENABLE_RESOURCE_ACCESS_CONTACTS = NO;
				ENABLE_RESOURCE_ACCESS_LOCATION = NO;
				ENABLE_RESOURCE_ACCESS_PRINTING = NO;
				ENABLE_RESOURCE_ACCESS_USB = NO;
				ENABLE_USER_SELECTED_FILES = readonly;
				GENERATE_INFOPLIST_FILE = YES;
				INFOPLIST_FILE = AUv3DemoExtension/Info.plist;
				INFOPLIST_KEY_CFBundleDisplayName = AUv3DemoExtension;
				INFOPLIST_KEY_NSHumanReadableCopyright = "";
				IPHONEOS_DEPLOYMENT_TARGET = 18.0;
				LD_RUNPATH_SEARCH_PATHS = (
					"$(inherited)",
					"@executable_path/Frameworks",
					"@executable_path/../../Frameworks",
				);
				"LD_RUNPATH_SEARCH_PATHS[sdk=macosx*]" = (
					"$(inherited)",
					"@executable_path/../Frameworks",
					"@executable_path/../../../../Frameworks",
				);
				MACOSX_DEPLOYMENT_TARGET = 15.0;
				MARKETING_VERSION = "$(DISPLAY_VERSION)";
				PRODUCT_BUNDLE_IDENTIFIER = com.braysoftware.AUv3Demo.AUv3DemoExtension;
				PRODUCT_NAME = "$(TARGET_NAME)";
				SDKROOT = auto;
				SKIP_INSTALL = YES;
				SUPPORTED_PLATFORMS = "iphoneos iphonesimulator macosx";
				SUPPORTS_MACCATALYST = NO;
				SWIFT_EMIT_LOC_STRINGS = YES;
				SWIFT_OBJC_BRIDGING_HEADER = "AUv3DemoExtension/AUv3DemoExtension-Bridging-Header.hpp";
				SWIFT_VERSION = 6.0;
				TARGETED_DEVICE_FAMILY = "1,2";
				XROS_DEPLOYMENT_TARGET = 2.5;
			};
			name = Debug;
		};
		BDF599E32E284D640093A134 /* Release */ = {
			isa = XCBuildConfiguration;
			buildSettings = {
				CLANG_CXX_LIBRARY = "libc++";
				CODE_SIGN_STYLE = Automatic;
				CURRENT_PROJECT_VERSION = "$(BUILD_VERSION)";
				DEAD_CODE_STRIPPING = YES;
				DEVELOPMENT_TEAM = UP6SS5ES7E;
				ENABLE_APP_SANDBOX = YES;
				ENABLE_HARDENED_RUNTIME = YES;
				ENABLE_INCOMING_NETWORK_CONNECTIONS = NO;
				ENABLE_OUTGOING_NETWORK_CONNECTIONS = NO;
				ENABLE_RESOURCE_ACCESS_AUDIO_INPUT = NO;
				ENABLE_RESOURCE_ACCESS_BLUETOOTH = NO;
				ENABLE_RESOURCE_ACCESS_CALENDARS = NO;
				ENABLE_RESOURCE_ACCESS_CAMERA = NO;
				ENABLE_RESOURCE_ACCESS_CONTACTS = NO;
				ENABLE_RESOURCE_ACCESS_LOCATION = NO;
				ENABLE_RESOURCE_ACCESS_PRINTING = NO;
				ENABLE_RESOURCE_ACCESS_USB = NO;
				ENABLE_USER_SELECTED_FILES = readonly;
				GENERATE_INFOPLIST_FILE = YES;
				INFOPLIST_FILE = AUv3DemoExtension/Info.plist;
				INFOPLIST_KEY_CFBundleDisplayName = AUv3DemoExtension;
				INFOPLIST_KEY_NSHumanReadableCopyright = "";
				IPHONEOS_DEPLOYMENT_TARGET = 18.0;
				LD_RUNPATH_SEARCH_PATHS = (
					"$(inherited)",
					"@executable_path/Frameworks",
					"@executable_path/../../Frameworks",
				);
				"LD_RUNPATH_SEARCH_PATHS[sdk=macosx*]" = (
					"$(inherited)",
					"@executable_path/../Frameworks",
					"@executable_path/../../../../Frameworks",
				);
				MACOSX_DEPLOYMENT_TARGET = 15.0;
				MARKETING_VERSION = "$(DISPLAY_VERSION)";
				PRODUCT_BUNDLE_IDENTIFIER = com.braysoftware.AUv3Demo.AUv3DemoExtension;
				PRODUCT_NAME = "$(TARGET_NAME)";
				SDKROOT = auto;
				SKIP_INSTALL = YES;
				SUPPORTED_PLATFORMS = "iphoneos iphonesimulator macosx";
				SUPPORTS_MACCATALYST = NO;
				SWIFT_EMIT_LOC_STRINGS = YES;
				SWIFT_OBJC_BRIDGING_HEADER = "AUv3DemoExtension/AUv3DemoExtension-Bridging-Header.hpp";
				SWIFT_VERSION = 6.0;
				TARGETED_DEVICE_FAMILY = "1,2";
				XROS_DEPLOYMENT_TARGET = 2.5;
			};
			name = Release;
		};
		BDF599E52E284D640093A134 /* Debug */ = {
			isa = XCBuildConfiguration;
			baseConfigurationReference = BDF599F12E284D8B0093A134 /* Config.xcconfig */;
			buildSettings = {
				ALWAYS_SEARCH_USER_PATHS = NO;
				ASSETCATALOG_COMPILER_GENERATE_SWIFT_ASSET_SYMBOL_EXTENSIONS = YES;
				CLANG_ANALYZER_NONNULL = YES;
				CLANG_ANALYZER_NUMBER_OBJECT_CONVERSION = YES_AGGRESSIVE;
				CLANG_CXX_LANGUAGE_STANDARD = "c++23";
				CLANG_ENABLE_MODULES = YES;
				CLANG_ENABLE_OBJC_ARC = YES;
				CLANG_ENABLE_OBJC_WEAK = YES;
				CLANG_WARN_BLOCK_CAPTURE_AUTORELEASING = YES;
				CLANG_WARN_BOOL_CONVERSION = YES;
				CLANG_WARN_COMMA = YES;
				CLANG_WARN_CONSTANT_CONVERSION = YES;
				CLANG_WARN_DEPRECATED_OBJC_IMPLEMENTATIONS = YES;
				CLANG_WARN_DIRECT_OBJC_ISA_USAGE = YES_ERROR;
				CLANG_WARN_DOCUMENTATION_COMMENTS = YES;
				CLANG_WARN_EMPTY_BODY = YES;
				CLANG_WARN_ENUM_CONVERSION = YES;
				CLANG_WARN_INFINITE_RECURSION = YES;
				CLANG_WARN_INT_CONVERSION = YES;
				CLANG_WARN_NON_LITERAL_NULL_CONVERSION = YES;
				CLANG_WARN_OBJC_IMPLICIT_RETAIN_SELF = YES;
				CLANG_WARN_OBJC_LITERAL_CONVERSION = YES;
				CLANG_WARN_OBJC_ROOT_CLASS = YES_ERROR;
				CLANG_WARN_QUOTED_INCLUDE_IN_FRAMEWORK_HEADER = YES;
				CLANG_WARN_RANGE_LOOP_ANALYSIS = YES;
				CLANG_WARN_STRICT_PROTOTYPES = YES;
				CLANG_WARN_SUSPICIOUS_MOVE = YES;
				CLANG_WARN_UNGUARDED_AVAILABILITY = YES_AGGRESSIVE;
				CLANG_WARN_UNREACHABLE_CODE = YES;
				CLANG_WARN__DUPLICATE_METHOD_MATCH = YES;
				COPY_PHASE_STRIP = NO;
				DEAD_CODE_STRIPPING = YES;
				DEBUG_INFORMATION_FORMAT = dwarf;
				DEVELOPMENT_TEAM = UP6SS5ES7E;
				ENABLE_APP_SANDBOX = NO;
				ENABLE_STRICT_OBJC_MSGSEND = YES;
				ENABLE_TESTABILITY = YES;
				ENABLE_USER_SCRIPT_SANDBOXING = YES;
				GCC_C_LANGUAGE_STANDARD = c23;
				GCC_DYNAMIC_NO_PIC = NO;
				GCC_NO_COMMON_BLOCKS = YES;
				GCC_OPTIMIZATION_LEVEL = 0;
				GCC_PREPROCESSOR_DEFINITIONS = (
					"DEBUG=1",
					"$(inherited)",
				);
				GCC_WARN_64_TO_32_BIT_CONVERSION = YES;
				GCC_WARN_ABOUT_RETURN_TYPE = YES_ERROR;
				GCC_WARN_UNDECLARED_SELECTOR = YES;
				GCC_WARN_UNINITIALIZED_AUTOS = YES_AGGRESSIVE;
				GCC_WARN_UNUSED_FUNCTION = YES;
				GCC_WARN_UNUSED_VARIABLE = YES;
				LOCALIZATION_PREFERS_STRING_CATALOGS = YES;
				MTL_ENABLE_DEBUG_INFO = INCLUDE_SOURCE;
				MTL_FAST_MATH = YES;
				ONLY_ACTIVE_ARCH = YES;
				STRING_CATALOG_GENERATE_SYMBOLS = YES;
				SWIFT_ACTIVE_COMPILATION_CONDITIONS = "DEBUG $(inherited)";
				SWIFT_OBJC_INTEROP_MODE = objcxx;
				SWIFT_OPTIMIZATION_LEVEL = "-Onone";
				SWIFT_VERSION = 6.0;
			};
			name = Debug;
		};
		BDF599E62E284D640093A134 /* Release */ = {
			isa = XCBuildConfiguration;
			baseConfigurationReference = BDF599F12E284D8B0093A134 /* Config.xcconfig */;
			buildSettings = {
				ALWAYS_SEARCH_USER_PATHS = NO;
				ASSETCATALOG_COMPILER_GENERATE_SWIFT_ASSET_SYMBOL_EXTENSIONS = YES;
				CLANG_ANALYZER_NONNULL = YES;
				CLANG_ANALYZER_NUMBER_OBJECT_CONVERSION = YES_AGGRESSIVE;
				CLANG_CXX_LANGUAGE_STANDARD = "c++23";
				CLANG_ENABLE_MODULES = YES;
				CLANG_ENABLE_OBJC_ARC = YES;
				CLANG_ENABLE_OBJC_WEAK = YES;
				CLANG_WARN_BLOCK_CAPTURE_AUTORELEASING = YES;
				CLANG_WARN_BOOL_CONVERSION = YES;
				CLANG_WARN_COMMA = YES;
				CLANG_WARN_CONSTANT_CONVERSION = YES;
				CLANG_WARN_DEPRECATED_OBJC_IMPLEMENTATIONS = YES;
				CLANG_WARN_DIRECT_OBJC_ISA_USAGE = YES_ERROR;
				CLANG_WARN_DOCUMENTATION_COMMENTS = YES;
				CLANG_WARN_EMPTY_BODY = YES;
				CLANG_WARN_ENUM_CONVERSION = YES;
				CLANG_WARN_INFINITE_RECURSION = YES;
				CLANG_WARN_INT_CONVERSION = YES;
				CLANG_WARN_NON_LITERAL_NULL_CONVERSION = YES;
				CLANG_WARN_OBJC_IMPLICIT_RETAIN_SELF = YES;
				CLANG_WARN_OBJC_LITERAL_CONVERSION = YES;
				CLANG_WARN_OBJC_ROOT_CLASS = YES_ERROR;
				CLANG_WARN_QUOTED_INCLUDE_IN_FRAMEWORK_HEADER = YES;
				CLANG_WARN_RANGE_LOOP_ANALYSIS = YES;
				CLANG_WARN_STRICT_PROTOTYPES = YES;
				CLANG_WARN_SUSPICIOUS_MOVE = YES;
				CLANG_WARN_UNGUARDED_AVAILABILITY = YES_AGGRESSIVE;
				CLANG_WARN_UNREACHABLE_CODE = YES;
				CLANG_WARN__DUPLICATE_METHOD_MATCH = YES;
				COPY_PHASE_STRIP = NO;
				DEAD_CODE_STRIPPING = YES;
				DEBUG_INFORMATION_FORMAT = "dwarf-with-dsym";
				DEVELOPMENT_TEAM = UP6SS5ES7E;
				ENABLE_APP_SANDBOX = NO;
				ENABLE_NS_ASSERTIONS = NO;
				ENABLE_STRICT_OBJC_MSGSEND = YES;
				ENABLE_USER_SCRIPT_SANDBOXING = YES;
				GCC_C_LANGUAGE_STANDARD = c23;
				GCC_NO_COMMON_BLOCKS = YES;
				GCC_WARN_64_TO_32_BIT_CONVERSION = YES;
				GCC_WARN_ABOUT_RETURN_TYPE = YES_ERROR;
				GCC_WARN_UNDECLARED_SELECTOR = YES;
				GCC_WARN_UNINITIALIZED_AUTOS = YES_AGGRESSIVE;
				GCC_WARN_UNUSED_FUNCTION = YES;
				GCC_WARN_UNUSED_VARIABLE = YES;
				LOCALIZATION_PREFERS_STRING_CATALOGS = YES;
				MTL_ENABLE_DEBUG_INFO = NO;
				MTL_FAST_MATH = YES;
				STRING_CATALOG_GENERATE_SYMBOLS = YES;
				SWIFT_COMPILATION_MODE = wholemodule;
				SWIFT_OBJC_INTEROP_MODE = objcxx;
				SWIFT_VERSION = 6.0;
			};
			name = Release;
		};
		BDF599E92E284D640093A134 /* Debug */ = {
			isa = XCBuildConfiguration;
			buildSettings = {
				ASSETCATALOG_COMPILER_APPICON_NAME = AppIcon;
				ASSETCATALOG_COMPILER_GLOBAL_ACCENT_COLOR_NAME = AccentColor;
				AUTOMATION_APPLE_EVENTS = NO;
				CODE_SIGN_ENTITLEMENTS = AUv3Demo/AUv3Demo.entitlements;
				CODE_SIGN_STYLE = Automatic;
				CURRENT_PROJECT_VERSION = "$(BUILD_VERSION)";
				DEAD_CODE_STRIPPING = YES;
				DEVELOPMENT_TEAM = UP6SS5ES7E;
				ENABLE_APP_SANDBOX = YES;
				ENABLE_HARDENED_RUNTIME = YES;
				ENABLE_INCOMING_NETWORK_CONNECTIONS = NO;
				ENABLE_OUTGOING_NETWORK_CONNECTIONS = YES;
				ENABLE_PREVIEWS = YES;
				ENABLE_RESOURCE_ACCESS_AUDIO_INPUT = NO;
				ENABLE_RESOURCE_ACCESS_BLUETOOTH = NO;
				ENABLE_RESOURCE_ACCESS_CALENDARS = NO;
				ENABLE_RESOURCE_ACCESS_CAMERA = NO;
				ENABLE_RESOURCE_ACCESS_CONTACTS = NO;
				ENABLE_RESOURCE_ACCESS_LOCATION = NO;
				ENABLE_RESOURCE_ACCESS_PHOTO_LIBRARY = NO;
				ENABLE_RESOURCE_ACCESS_PRINTING = NO;
				ENABLE_RESOURCE_ACCESS_USB = NO;
				ENABLE_USER_SELECTED_FILES = readonly;
				GENERATE_INFOPLIST_FILE = YES;
				INFOPLIST_FILE = AUv3Demo/Info.plist;
				INFOPLIST_KEY_CFBundleDisplayName = AUv3Demo;
				"INFOPLIST_KEY_UIApplicationSceneManifest_Generation[sdk=iphoneos*]" = YES;
				"INFOPLIST_KEY_UIApplicationSceneManifest_Generation[sdk=iphonesimulator*]" = YES;
				"INFOPLIST_KEY_UIApplicationSupportsIndirectInputEvents[sdk=iphoneos*]" = YES;
				"INFOPLIST_KEY_UIApplicationSupportsIndirectInputEvents[sdk=iphonesimulator*]" = YES;
				"INFOPLIST_KEY_UILaunchScreen_Generation[sdk=iphoneos*]" = YES;
				"INFOPLIST_KEY_UILaunchScreen_Generation[sdk=iphonesimulator*]" = YES;
				INFOPLIST_KEY_UIStatusBarStyle = "";
				"INFOPLIST_KEY_UIStatusBarStyle[sdk=iphoneos*]" = UIStatusBarStyleDefault;
				"INFOPLIST_KEY_UIStatusBarStyle[sdk=iphonesimulator*]" = UIStatusBarStyleDefault;
				INFOPLIST_KEY_UISupportedInterfaceOrientations = "UIInterfaceOrientationLandscapeLeft UIInterfaceOrientationLandscapeRight UIInterfaceOrientationPortrait UIInterfaceOrientationPortraitUpsideDown";
				INFOPLIST_KEY_UIUserInterfaceStyle = Dark;
				IPHONEOS_DEPLOYMENT_TARGET = 18.0;
				LD_RUNPATH_SEARCH_PATHS = "@executable_path/Frameworks";
				"LD_RUNPATH_SEARCH_PATHS[sdk=macosx*]" = "@executable_path/../Frameworks";
				MACOSX_DEPLOYMENT_TARGET = 15.0;
				MARKETING_VERSION = "$(DISPLAY_VERSION)";
				OTHER_LDFLAGS = (
					"-framework",
					AudioToolbox,
					"-framework",
					AVFoundation,
				);
				PRODUCT_BUNDLE_IDENTIFIER = com.braysoftware.AUv3Demo;
				PRODUCT_NAME = "$(TARGET_NAME)";
				REGISTER_APP_GROUPS = YES;
				RUNTIME_EXCEPTION_ALLOW_DYLD_ENVIRONMENT_VARIABLES = NO;
				RUNTIME_EXCEPTION_ALLOW_JIT = NO;
				RUNTIME_EXCEPTION_ALLOW_UNSIGNED_EXECUTABLE_MEMORY = NO;
				RUNTIME_EXCEPTION_DEBUGGING_TOOL = NO;
				RUNTIME_EXCEPTION_DISABLE_EXECUTABLE_PAGE_PROTECTION = NO;
				RUNTIME_EXCEPTION_DISABLE_LIBRARY_VALIDATION = NO;
				SDKROOT = auto;
				SUPPORTED_PLATFORMS = "iphoneos iphonesimulator macosx";
				SUPPORTS_MACCATALYST = NO;
				SWIFT_EMIT_LOC_STRINGS = YES;
				SWIFT_VERSION = 5.0;
				TARGETED_DEVICE_FAMILY = "1,2";
				XROS_DEPLOYMENT_TARGET = 2.5;
			};
			name = Debug;
		};
		BDF599EA2E284D640093A134 /* Release */ = {
			isa = XCBuildConfiguration;
			buildSettings = {
				ASSETCATALOG_COMPILER_APPICON_NAME = AppIcon;
				ASSETCATALOG_COMPILER_GLOBAL_ACCENT_COLOR_NAME = AccentColor;
				AUTOMATION_APPLE_EVENTS = NO;
				CODE_SIGN_ENTITLEMENTS = AUv3Demo/AUv3Demo.entitlements;
				CODE_SIGN_STYLE = Automatic;
				CURRENT_PROJECT_VERSION = "$(BUILD_VERSION)";
				DEAD_CODE_STRIPPING = YES;
				DEVELOPMENT_TEAM = UP6SS5ES7E;
				ENABLE_APP_SANDBOX = YES;
				ENABLE_CODE_COVERAGE = NO;
				ENABLE_HARDENED_RUNTIME = YES;
				ENABLE_INCOMING_NETWORK_CONNECTIONS = NO;
				ENABLE_OUTGOING_NETWORK_CONNECTIONS = YES;
				ENABLE_PREVIEWS = YES;
				ENABLE_RESOURCE_ACCESS_AUDIO_INPUT = NO;
				ENABLE_RESOURCE_ACCESS_BLUETOOTH = NO;
				ENABLE_RESOURCE_ACCESS_CALENDARS = NO;
				ENABLE_RESOURCE_ACCESS_CAMERA = NO;
				ENABLE_RESOURCE_ACCESS_CONTACTS = NO;
				ENABLE_RESOURCE_ACCESS_LOCATION = NO;
				ENABLE_RESOURCE_ACCESS_PHOTO_LIBRARY = NO;
				ENABLE_RESOURCE_ACCESS_PRINTING = NO;
				ENABLE_RESOURCE_ACCESS_USB = NO;
				ENABLE_USER_SELECTED_FILES = readonly;
				GENERATE_INFOPLIST_FILE = YES;
				INFOPLIST_FILE = AUv3Demo/Info.plist;
				INFOPLIST_KEY_CFBundleDisplayName = AUv3Demo;
				"INFOPLIST_KEY_UIApplicationSceneManifest_Generation[sdk=iphoneos*]" = YES;
				"INFOPLIST_KEY_UIApplicationSceneManifest_Generation[sdk=iphonesimulator*]" = YES;
				"INFOPLIST_KEY_UIApplicationSupportsIndirectInputEvents[sdk=iphoneos*]" = YES;
				"INFOPLIST_KEY_UIApplicationSupportsIndirectInputEvents[sdk=iphonesimulator*]" = YES;
				"INFOPLIST_KEY_UILaunchScreen_Generation[sdk=iphoneos*]" = YES;
				"INFOPLIST_KEY_UILaunchScreen_Generation[sdk=iphonesimulator*]" = YES;
				INFOPLIST_KEY_UIStatusBarStyle = "";
				"INFOPLIST_KEY_UIStatusBarStyle[sdk=iphoneos*]" = UIStatusBarStyleDefault;
				"INFOPLIST_KEY_UIStatusBarStyle[sdk=iphonesimulator*]" = UIStatusBarStyleDefault;
				INFOPLIST_KEY_UISupportedInterfaceOrientations = "UIInterfaceOrientationLandscapeLeft UIInterfaceOrientationLandscapeRight UIInterfaceOrientationPortrait UIInterfaceOrientationPortraitUpsideDown";
				INFOPLIST_KEY_UIUserInterfaceStyle = Dark;
				IPHONEOS_DEPLOYMENT_TARGET = 18.0;
				LD_RUNPATH_SEARCH_PATHS = "@executable_path/Frameworks";
				"LD_RUNPATH_SEARCH_PATHS[sdk=macosx*]" = "@executable_path/../Frameworks";
				MACOSX_DEPLOYMENT_TARGET = 15.0;
				MARKETING_VERSION = "$(DISPLAY_VERSION)";
				OTHER_LDFLAGS = (
					"-framework",
					AudioToolbox,
					"-framework",
					AVFoundation,
				);
				PRODUCT_BUNDLE_IDENTIFIER = com.braysoftware.AUv3Demo;
				PRODUCT_NAME = "$(TARGET_NAME)";
				REGISTER_APP_GROUPS = YES;
				RUNTIME_EXCEPTION_ALLOW_DYLD_ENVIRONMENT_VARIABLES = NO;
				RUNTIME_EXCEPTION_ALLOW_JIT = NO;
				RUNTIME_EXCEPTION_ALLOW_UNSIGNED_EXECUTABLE_MEMORY = NO;
				RUNTIME_EXCEPTION_DEBUGGING_TOOL = NO;
				RUNTIME_EXCEPTION_DISABLE_EXECUTABLE_PAGE_PROTECTION = NO;
				RUNTIME_EXCEPTION_DISABLE_LIBRARY_VALIDATION = NO;
				SDKROOT = auto;
				SUPPORTED_PLATFORMS = "iphoneos iphonesimulator macosx";
				SUPPORTS_MACCATALYST = NO;
				SWIFT_EMIT_LOC_STRINGS = YES;
				SWIFT_VERSION = 5.0;
				TARGETED_DEVICE_FAMILY = "1,2";
				XROS_DEPLOYMENT_TARGET = 2.5;
			};
			name = Release;
		};
		BDF599EC2E284D640093A134 /* Debug */ = {
			isa = XCBuildConfiguration;
			buildSettings = {
				BUNDLE_LOADER = "$(TEST_HOST)";
				CODE_SIGN_STYLE = Automatic;
				CURRENT_PROJECT_VERSION = 1;
				DEAD_CODE_STRIPPING = YES;
				DEVELOPMENT_TEAM = UP6SS5ES7E;
				GENERATE_INFOPLIST_FILE = YES;
				IPHONEOS_DEPLOYMENT_TARGET = 18.5;
				MACOSX_DEPLOYMENT_TARGET = 15.5;
				MARKETING_VERSION = 1.0;
				PRODUCT_BUNDLE_IDENTIFIER = com.braysoftware.AUv3DemoTests;
				PRODUCT_NAME = "$(TARGET_NAME)";
				SDKROOT = auto;
				SUPPORTED_PLATFORMS = "iphoneos iphonesimulator macosx xros xrsimulator";
				SWIFT_EMIT_LOC_STRINGS = NO;
				SWIFT_VERSION = 5.0;
				TARGETED_DEVICE_FAMILY = "1,2,7";
				TEST_HOST = "$(BUILT_PRODUCTS_DIR)/AUv3Demo.app/$(BUNDLE_EXECUTABLE_FOLDER_PATH)/AUv3Demo";
				XROS_DEPLOYMENT_TARGET = 2.5;
			};
			name = Debug;
		};
		BDF599ED2E284D640093A134 /* Release */ = {
			isa = XCBuildConfiguration;
			buildSettings = {
				BUNDLE_LOADER = "$(TEST_HOST)";
				CODE_SIGN_STYLE = Automatic;
				CURRENT_PROJECT_VERSION = 1;
				DEAD_CODE_STRIPPING = YES;
				DEVELOPMENT_TEAM = UP6SS5ES7E;
				GENERATE_INFOPLIST_FILE = YES;
				IPHONEOS_DEPLOYMENT_TARGET = 18.5;
				MACOSX_DEPLOYMENT_TARGET = 15.5;
				MARKETING_VERSION = 1.0;
				PRODUCT_BUNDLE_IDENTIFIER = com.braysoftware.AUv3DemoTests;
				PRODUCT_NAME = "$(TARGET_NAME)";
				SDKROOT = auto;
				SUPPORTED_PLATFORMS = "iphoneos iphonesimulator macosx xros xrsimulator";
				SWIFT_EMIT_LOC_STRINGS = NO;
				SWIFT_VERSION = 5.0;
				TARGETED_DEVICE_FAMILY = "1,2,7";
				TEST_HOST = "$(BUILT_PRODUCTS_DIR)/AUv3Demo.app/$(BUNDLE_EXECUTABLE_FOLDER_PATH)/AUv3Demo";
				XROS_DEPLOYMENT_TARGET = 2.5;
			};
			name = Release;
		};
		BDF599EF2E284D640093A134 /* Debug */ = {
			isa = XCBuildConfiguration;
			buildSettings = {
				CODE_SIGN_STYLE = Automatic;
				CURRENT_PROJECT_VERSION = 1;
				DEAD_CODE_STRIPPING = YES;
				DEVELOPMENT_TEAM = UP6SS5ES7E;
				GENERATE_INFOPLIST_FILE = YES;
				IPHONEOS_DEPLOYMENT_TARGET = 18.5;
				MACOSX_DEPLOYMENT_TARGET = 15.5;
				MARKETING_VERSION = 1.0;
				PRODUCT_BUNDLE_IDENTIFIER = com.braysoftware.AUv3DemoUITests;
				PRODUCT_NAME = "$(TARGET_NAME)";
				SDKROOT = auto;
				SUPPORTED_PLATFORMS = "iphoneos iphonesimulator macosx xros xrsimulator";
				SWIFT_EMIT_LOC_STRINGS = NO;
				SWIFT_VERSION = 5.0;
				TARGETED_DEVICE_FAMILY = "1,2,7";
				TEST_TARGET_NAME = AUv3Demo;
				XROS_DEPLOYMENT_TARGET = 2.5;
			};
			name = Debug;
		};
		BDF599F02E284D640093A134 /* Release */ = {
			isa = XCBuildConfiguration;
			buildSettings = {
				CODE_SIGN_STYLE = Automatic;
				CURRENT_PROJECT_VERSION = 1;
				DEAD_CODE_STRIPPING = YES;
				DEVELOPMENT_TEAM = UP6SS5ES7E;
				GENERATE_INFOPLIST_FILE = YES;
				IPHONEOS_DEPLOYMENT_TARGET = 18.5;
				MACOSX_DEPLOYMENT_TARGET = 15.5;
				MARKETING_VERSION = 1.0;
				PRODUCT_BUNDLE_IDENTIFIER = com.braysoftware.AUv3DemoUITests;
				PRODUCT_NAME = "$(TARGET_NAME)";
				SDKROOT = auto;
				SUPPORTED_PLATFORMS = "iphoneos iphonesimulator macosx xros xrsimulator";
				SWIFT_EMIT_LOC_STRINGS = NO;
				SWIFT_VERSION = 5.0;
				TARGETED_DEVICE_FAMILY = "1,2,7";
				TEST_TARGET_NAME = AUv3Demo;
				XROS_DEPLOYMENT_TARGET = 2.5;
			};
			name = Release;
		};
/* End XCBuildConfiguration section */

/* Begin XCConfigurationList section */
		BDF599742E284D630093A134 /* Build configuration list for PBXProject "AUv3Demo" */ = {
			isa = XCConfigurationList;
			buildConfigurations = (
				BDF599E52E284D640093A134 /* Debug */,
				BDF599E62E284D640093A134 /* Release */,
			);
			defaultConfigurationIsVisible = 0;
			defaultConfigurationName = Release;
		};
		BDF599E12E284D640093A134 /* Build configuration list for PBXNativeTarget "AUv3DemoExtension" */ = {
			isa = XCConfigurationList;
			buildConfigurations = (
				BDF599E22E284D640093A134 /* Debug */,
				BDF599E32E284D640093A134 /* Release */,
			);
			defaultConfigurationIsVisible = 0;
			defaultConfigurationName = Release;
		};
		BDF599E82E284D640093A134 /* Build configuration list for PBXNativeTarget "AUv3Demo" */ = {
			isa = XCConfigurationList;
			buildConfigurations = (
				BDF599E92E284D640093A134 /* Debug */,
				BDF599EA2E284D640093A134 /* Release */,
			);
			defaultConfigurationIsVisible = 0;
			defaultConfigurationName = Release;
		};
		BDF599EB2E284D640093A134 /* Build configuration list for PBXNativeTarget "AUv3DemoTests" */ = {
			isa = XCConfigurationList;
			buildConfigurations = (
				BDF599EC2E284D640093A134 /* Debug */,
				BDF599ED2E284D640093A134 /* Release */,
			);
			defaultConfigurationIsVisible = 0;
			defaultConfigurationName = Release;
		};
		BDF599EE2E284D640093A134 /* Build configuration list for PBXNativeTarget "AUv3DemoUITests" */ = {
			isa = XCConfigurationList;
			buildConfigurations = (
				BDF599EF2E284D640093A134 /* Debug */,
				BDF599F02E284D640093A134 /* Release */,
			);
			defaultConfigurationIsVisible = 0;
			defaultConfigurationName = Release;
		};
/* End XCConfigurationList section */

/* Begin XCLocalSwiftPackageReference section */
		BDF599F32E284DD30093A134 /* XCLocalSwiftPackageReference "../../auv3-support" */ = {
			isa = XCLocalSwiftPackageReference;
			relativePath = "../../auv3-support";
		};
/* End XCLocalSwiftPackageReference section */

/* Begin XCRemoteSwiftPackageReference section */
		BDF59A172E2852720093A134 /* XCRemoteSwiftPackageReference "AUv3Controls" */ = {
			isa = XCRemoteSwiftPackageReference;
			repositoryURL = "https://github.com/bradhowes/AUv3Controls";
			requirement = {
				kind = upToNextMajorVersion;
				minimumVersion = 0.23.3;
			};
		};
/* End XCRemoteSwiftPackageReference section */

/* Begin XCSwiftPackageProductDependency section */
		BDD002C32E364C0900E9AABC /* AUv3Host */ = {
			isa = XCSwiftPackageProductDependency;
			package = BDF599F32E284DD30093A134 /* XCLocalSwiftPackageReference "../../auv3-support" */;
			productName = AUv3Host;
		};
		BDF599F52E284DE60093A134 /* AUv3Component */ = {
			isa = XCSwiftPackageProductDependency;
			package = BDF599F32E284DD30093A134 /* XCLocalSwiftPackageReference "../../auv3-support" */;
			productName = AUv3Component;
		};
		BDF599F92E284DE60093A134 /* AUv3Shared */ = {
			isa = XCSwiftPackageProductDependency;
			package = BDF599F32E284DD30093A134 /* XCLocalSwiftPackageReference "../../auv3-support" */;
			productName = AUv3Shared;
		};
		BDF59A0F2E2850430093A134 /* AUv3Component */ = {
			isa = XCSwiftPackageProductDependency;
			package = BDF599F32E284DD30093A134 /* XCLocalSwiftPackageReference "../../auv3-support" */;
			productName = AUv3Component;
		};
		BDF59A112E2850430093A134 /* AUv3Shared */ = {
			isa = XCSwiftPackageProductDependency;
			package = BDF599F32E284DD30093A134 /* XCLocalSwiftPackageReference "../../auv3-support" */;
			productName = AUv3Shared;
		};
		BDF59A152E2852430093A134 /* AUv3Controls */ = {
			isa = XCSwiftPackageProductDependency;
			productName = AUv3Controls;
		};
		BDF59A182E2852720093A134 /* AUv3Controls */ = {
			isa = XCSwiftPackageProductDependency;
			package = BDF59A172E2852720093A134 /* XCRemoteSwiftPackageReference "AUv3Controls" */;
			productName = AUv3Controls;
		};
		BDF59AE52E2990DD0093A134 /* DSPHeaders */ = {
			isa = XCSwiftPackageProductDependency;
			productName = DSPHeaders;
		};
/* End XCSwiftPackageProductDependency section */
	};
	rootObject = BDF599712E284D630093A134 /* Project object */;
}
